
Microsoft Visual Studio Solution File, Format Version 12.00
# Visual Studio 15
VisualStudioVersion = 15.0.27703.2042
MinimumVisualStudioVersion = 10.0.40219.1
Project("{FAE04EC0-301F-11D3-BF4B-00C04F79EFBC}") = "BenefitsCodingChallenge", "BenefitsCodingChallenge\BenefitsCodingChallenge.csproj", "{B03DD4AD-10E5-4A28-BA58-0CC4FBD3DE28}"
EndProject
Project("{FAE04EC0-301F-11D3-BF4B-00C04F79EFBC}") = "BenefitsCodingChallengeWeb", "BenefitsCodingChallengeWeb\BenefitsCodingChallengeWeb.csproj", "{1865DF21-E6C1-400E-B5BA-59A415114AAC}"
EndProject
Project("{FAE04EC0-301F-11D3-BF4B-00C04F79EFBC}") = "BenefitsCodingChallengeTests", "BenefitsCodingChallengeTests\BenefitsCodingChallengeTests.csproj", "{2421B605-6C4F-4878-BB14-39FA9C2307E1}"
EndProject
Global
	GlobalSection(SolutionConfigurationPlatforms) = preSolution
		Debug|Any CPU = Debug|Any CPU
		Release|Any CPU = Release|Any CPU
	EndGlobalSection
	GlobalSection(ProjectConfigurationPlatforms) = postSolution
		{B03DD4AD-10E5-4A28-BA58-0CC4FBD3DE28}.Debug|Any CPU.ActiveCfg = Debug|Any CPU
		{B03DD4AD-10E5-4A28-BA58-0CC4FBD3DE28}.Debug|Any CPU.Build.0 = Debug|Any CPU
		{B03DD4AD-10E5-4A28-BA58-0CC4FBD3DE28}.Release|Any CPU.ActiveCfg = Release|Any CPU
		{B03DD4AD-10E5-4A28-BA58-0CC4FBD3DE28}.Release|Any CPU.Build.0 = Release|Any CPU
		{1865DF21-E6C1-400E-B5BA-59A415114AAC}.Debug|Any CPU.ActiveCfg = Debug|Any CPU
		{1865DF21-E6C1-400E-B5BA-59A415114AAC}.Debug|Any CPU.Build.0 = Debug|Any CPU
		{1865DF21-E6C1-400E-B5BA-59A415114AAC}.Release|Any CPU.ActiveCfg = Release|Any CPU
		{1865DF21-E6C1-400E-B5BA-59A415114AAC}.Release|Any CPU.Build.0 = Release|Any CPU
		{2421B605-6C4F-4878-BB14-39FA9C2307E1}.Debug|Any CPU.ActiveCfg = Debug|Any CPU
		{2421B605-6C4F-4878-BB14-39FA9C2307E1}.Debug|Any CPU.Build.0 = Debug|Any CPU
		{2421B605-6C4F-4878-BB14-39FA9C2307E1}.Release|Any CPU.ActiveCfg = Release|Any CPU
		{2421B605-6C4F-4878-BB14-39FA9C2307E1}.Release|Any CPU.Build.0 = Release|Any CPU
	EndGlobalSection
	GlobalSection(SolutionProperties) = preSolution
		HideSolutionNode = FALSE
	EndGlobalSection
	GlobalSection(ExtensibilityGlobals) = postSolution
		SolutionGuid = {90D7781C-7474-4183-BAB7-04552B5BD14D}
	EndGlobalSection
EndGlobal
